
Microsoft Visual Studio Solution File, Format Version 12.00
# Visual Studio 15
VisualStudioVersion = 15.0.28010.2050
MinimumVisualStudioVersion = 10.0.40219.1
Project("{8BC9CEB8-8B4A-11D0-8D11-00A0C91BC942}") = "server", "server.vcxproj", "{B717686F-62CD-462E-B3DB-32A49302265B}"
EndProject
Global
	GlobalSection(SolutionConfigurationPlatforms) = preSolution
		Debug|x64 = Debug|x64
		Debug|x86 = Debug|x86
		Release|x64 = Release|x64
		Release|x86 = Release|x86
	EndGlobalSection
	GlobalSection(ProjectConfigurationPlatforms) = postSolution
		{B717686F-62CD-462E-B3DB-32A49302265B}.Debug|x64.ActiveCfg = Debug|x64
		{B717686F-62CD-462E-B3DB-32A49302265B}.Debug|x64.Build.0 = Debug|x64
		{B717686F-62CD-462E-B3DB-32A49302265B}.Debug|x86.ActiveCfg = Debug|Win32
		{B717686F-62CD-462E-B3DB-32A49302265B}.Debug|x86.Build.0 = Debug|Win32
		{B717686F-62CD-462E-B3DB-32A49302265B}.Release|x64.ActiveCfg = Release|x64
		{B717686F-62CD-462E-B3DB-32A49302265B}.Release|x64.Build.0 = Release|x64
		{B717686F-62CD-462E-B3DB-32A49302265B}.Release|x86.ActiveCfg = Release|Win32
		{B717686F-62CD-462E-B3DB-32A49302265B}.Release|x86.Build.0 = Release|Win32
	EndGlobalSection
	GlobalSection(SolutionProperties) = preSolution
		HideSolutionNode = FALSE
	EndGlobalSection
	GlobalSection(ExtensibilityGlobals) = postSolution
		SolutionGuid = {9D2C18FA-9024-4B63-BBE2-E8DC105F27C2}
	EndGlobalSection
EndGlobal
